// !$*UTF8*$!
{
	archiveVersion = 1;
	classes = {
	};
	objectVersion = 50;
	objects = {

/* Begin PBXBuildFile section */
		8202DBAE214965230055F1E7 /* AppDelegate.swift in Sources */ = {isa = PBXBuildFile; fileRef = 8202DBAD214965230055F1E7 /* AppDelegate.swift */; };
		8202DBB0214965230055F1E7 /* ViewController.swift in Sources */ = {isa = PBXBuildFile; fileRef = 8202DBAF214965230055F1E7 /* ViewController.swift */; };
		8202DBB3214965230055F1E7 /* Main.storyboard in Resources */ = {isa = PBXBuildFile; fileRef = 8202DBB1214965230055F1E7 /* Main.storyboard */; };
		8202DBB5214965250055F1E7 /* Assets.xcassets in Resources */ = {isa = PBXBuildFile; fileRef = 8202DBB4214965250055F1E7 /* Assets.xcassets */; };
		8202DBB8214965250055F1E7 /* LaunchScreen.storyboard in Resources */ = {isa = PBXBuildFile; fileRef = 8202DBB6214965250055F1E7 /* LaunchScreen.storyboard */; };
/* End PBXBuildFile section */

/* Begin PBXFileReference section */
		8202DBAA214965230055F1E7 /* PhotoPicker-with-Joseph.app */ = {isa = PBXFileReference; explicitFileType = wrapper.application; includeInIndex = 0; path = "PhotoPicker-with-Joseph.app"; sourceTree = BUILT_PRODUCTS_DIR; };
		8202DBAD214965230055F1E7 /* AppDelegate.swift */ = {isa = PBXFileReference; lastKnownFileType = sourcecode.swift; path = AppDelegate.swift; sourceTree = "<group>"; };
		8202DBAF214965230055F1E7 /* ViewController.swift */ = {isa = PBXFileReference; lastKnownFileType = sourcecode.swift; path = ViewController.swift; sourceTree = "<group>"; };
		8202DBB2214965230055F1E7 /* Base */ = {isa = PBXFileReference; lastKnownFileType = file.storyboard; name = Base; path = Base.lproj/Main.storyboard; sourceTree = "<group>"; };
		8202DBB4214965250055F1E7 /* Assets.xcassets */ = {isa = PBXFileReference; lastKnownFileType = folder.assetcatalog; path = Assets.xcassets; sourceTree = "<group>"; };
		8202DBB7214965250055F1E7 /* Base */ = {isa = PBXFileReference; lastKnownFileType = file.storyboard; name = Base; path = Base.lproj/LaunchScreen.storyboard; sourceTree = "<group>"; };
		8202DBB9214965250055F1E7 /* Info.plist */ = {isa = PBXFileReference; lastKnownFileType = text.plist.xml; path = Info.plist; sourceTree = "<group>"; };
/* End PBXFileReference section */

/* Begin PBXFrameworksBuildPhase section */
		8202DBA7214965230055F1E7 /* Frameworks */ = {
			isa = PBXFrameworksBuildPhase;
			buildActionMask = 2147483647;
			files = (
			);
			runOnlyForDeploymentPostprocessing = 0;
		};
/* End PBXFrameworksBuildPhase section */

/* Begin PBXGroup section */
		8202DBA1214965220055F1E7 = {
			isa = PBXGroup;
			children = (
				8202DBAC214965230055F1E7 /* PhotoPicker-with-Joseph */,
				8202DBAB214965230055F1E7 /* Products */,
			);
			sourceTree = "<group>";
		};
		8202DBAB214965230055F1E7 /* Products */ = {
			isa = PBXGroup;
			children = (
				8202DBAA214965230055F1E7 /* PhotoPicker-with-Joseph.app */,
			);
			name = Products;
			sourceTree = "<group>";
		};
		8202DBAC214965230055F1E7 /* PhotoPicker-with-Joseph */ = {
			isa = PBXGroup;
			children = (
				8202DBAF214965230055F1E7 /* ViewController.swift */,
				8202DBB1214965230055F1E7 /* Main.storyboard */,
				8202DBBF2149652F0055F1E7 /* Supporting files */,
			);
			path = "PhotoPicker-with-Joseph";
			sourceTree = "<group>";
		};
		8202DBBF2149652F0055F1E7 /* Supporting files */ = {
			isa = PBXGroup;
			children = (
				8202DBAD214965230055F1E7 /* AppDelegate.swift */,
				8202DBB4214965250055F1E7 /* Assets.xcassets */,
				8202DBB6214965250055F1E7 /* LaunchScreen.storyboard */,
				8202DBB9214965250055F1E7 /* Info.plist */,
			);
			path = "Supporting files";
			sourceTree = "<group>";
		};
/* End PBXGroup section */

/* Begin PBXNativeTarget section */
		8202DBA9214965230055F1E7 /* PhotoPicker-with-Joseph */ = {
			isa = PBXNativeTarget;
			buildConfigurationList = 8202DBBC214965250055F1E7 /* Build configuration list for PBXNativeTarget "PhotoPicker-with-Joseph" */;
			buildPhases = (
				8202DBA6214965230055F1E7 /* Sources */,
				8202DBA7214965230055F1E7 /* Frameworks */,
				8202DBA8214965230055F1E7 /* Resources */,
			);
			buildRules = (
			);
			dependencies = (
			);
			name = "PhotoPicker-with-Joseph";
			productName = "PhotoPicker-with-Joseph";
			productReference = 8202DBAA214965230055F1E7 /* PhotoPicker-with-Joseph.app */;
			productType = "com.apple.product-type.application";
		};
/* End PBXNativeTarget section */

/* Begin PBXProject section */
		8202DBA2214965220055F1E7 /* Project object */ = {
			isa = PBXProject;
			attributes = {
				LastSwiftUpdateCheck = 0940;
				LastUpgradeCheck = 0940;
				ORGANIZATIONNAME = "Lambda School";
				TargetAttributes = {
					8202DBA9214965230055F1E7 = {
						CreatedOnToolsVersion = 9.4.1;
					};
				};
			};
			buildConfigurationList = 8202DBA5214965220055F1E7 /* Build configuration list for PBXProject "PhotoPicker-with-Joseph" */;
			compatibilityVersion = "Xcode 9.3";
			developmentRegion = en;
			hasScannedForEncodings = 0;
			knownRegions = (
				en,
				Base,
			);
			mainGroup = 8202DBA1214965220055F1E7;
			productRefGroup = 8202DBAB214965230055F1E7 /* Products */;
			projectDirPath = "";
			projectRoot = "";
			targets = (
				8202DBA9214965230055F1E7 /* PhotoPicker-with-Joseph */,
			);
		};
/* End PBXProject section */

/* Begin PBXResourcesBuildPhase section */
		8202DBA8214965230055F1E7 /* Resources */ = {
			isa = PBXResourcesBuildPhase;
			buildActionMask = 2147483647;
			files = (
				8202DBB8214965250055F1E7 /* LaunchScreen.storyboard in Resources */,
				8202DBB5214965250055F1E7 /* Assets.xcassets in Resources */,
				8202DBB3214965230055F1E7 /* Main.storyboard in Resources */,
			);
			runOnlyForDeploymentPostprocessing = 0;
		};
/* End PBXResourcesBuildPhase section */

/* Begin PBXSourcesBuildPhase section */
		8202DBA6214965230055F1E7 /* Sources */ = {
			isa = PBXSourcesBuildPhase;
			buildActionMask = 2147483647;
			files = (
				8202DBB0214965230055F1E7 /* ViewController.swift in Sources */,
				8202DBAE214965230055F1E7 /* AppDelegate.swift in Sources */,
			);
			runOnlyForDeploymentPostprocessing = 0;
		};
/* End PBXSourcesBuildPhase section */

/* Begin PBXVariantGroup section */
		8202DBB1214965230055F1E7 /* Main.storyboard */ = {
			isa = PBXVariantGroup;
			children = (
				8202DBB2214965230055F1E7 /* Base */,
			);
			name = Main.storyboard;
			sourceTree = "<group>";
		};
		8202DBB6214965250055F1E7 /* LaunchScreen.storyboard */ = {
			isa = PBXVariantGroup;
			children = (
				8202DBB7214965250055F1E7 /* Base */,
			);
			name = LaunchScreen.storyboard;
			sourceTree = "<group>";
		};
/* End PBXVariantGroup section */

/* Begin XCBuildConfiguration section */
		8202DBBA214965250055F1E7 /* Debug */ = {
			isa = XCBuildConfiguration;
			buildSettings = {
				ALWAYS_SEARCH_USER_PATHS = NO;
				CLANG_ANALYZER_NONNULL = YES;
				CLANG_ANALYZER_NUMBER_OBJECT_CONVERSION = YES_AGGRESSIVE;
				CLANG_CXX_LANGUAGE_STANDARD = "gnu++14";
				CLANG_CXX_LIBRARY = "libc++";
				CLANG_ENABLE_MODULES = YES;
				CLANG_ENABLE_OBJC_ARC = YES;
				CLANG_ENABLE_OBJC_WEAK = YES;
				CLANG_WARN_BLOCK_CAPTURE_AUTORELEASING = YES;
				CLANG_WARN_BOOL_CONVERSION = YES;
				CLANG_WARN_COMMA = YES;
				CLANG_WARN_CONSTANT_CONVERSION = YES;
				CLANG_WARN_DEPRECATED_OBJC_IMPLEMENTATIONS = YES;
				CLANG_WARN_DIRECT_OBJC_ISA_USAGE = YES_ERROR;
				CLANG_WARN_DOCUMENTATION_COMMENTS = YES;
				CLANG_WARN_EMPTY_BODY = YES;
				CLANG_WARN_ENUM_CONVERSION = YES;
				CLANG_WARN_INFINITE_RECURSION = YES;
				CLANG_WARN_INT_CONVERSION = YES;
				CLANG_WARN_NON_LITERAL_NULL_CONVERSION = YES;
				CLANG_WARN_OBJC_IMPLICIT_RETAIN_SELF = YES;
				CLANG_WARN_OBJC_LITERAL_CONVERSION = YES;
				CLANG_WARN_OBJC_ROOT_CLASS = YES_ERROR;
				CLANG_WARN_RANGE_LOOP_ANALYSIS = YES;
				CLANG_WARN_STRICT_PROTOTYPES = YES;
				CLANG_WARN_SUSPICIOUS_MOVE = YES;
				CLANG_WARN_UNGUARDED_AVAILABILITY = YES_AGGRESSIVE;
				CLANG_WARN_UNREACHABLE_CODE = YES;
				CLANG_WARN__DUPLICATE_METHOD_MATCH = YES;
				CODE_SIGN_IDENTITY = "iPhone Developer";
				COPY_PHASE_STRIP = NO;
				DEBUG_INFORMATION_FORMAT = dwarf;
				ENABLE_STRICT_OBJC_MSGSEND = YES;
				ENABLE_TESTABILITY = YES;
				GCC_C_LANGUAGE_STANDARD = gnu11;
				GCC_DYNAMIC_NO_PIC = NO;
				GCC_NO_COMMON_BLOCKS = YES;
				GCC_OPTIMIZATION_LEVEL = 0;
				GCC_PREPROCESSOR_DEFINITIONS = (
					"DEBUG=1",
					"$(inherited)",
				);
				GCC_WARN_64_TO_32_BIT_CONVERSION = YES;
				GCC_WARN_ABOUT_RETURN_TYPE = YES_ERROR;
				GCC_WARN_UNDECLARED_SELECTOR = YES;
				GCC_WARN_UNINITIALIZED_AUTOS = YES_AGGRESSIVE;
				GCC_WARN_UNUSED_FUNCTION = YES;
				GCC_WARN_UNUSED_VARIABLE = YES;
				IPHONEOS_DEPLOYMENT_TARGET = 11.4;
				MTL_ENABLE_DEBUG_INFO = YES;
				ONLY_ACTIVE_ARCH = YES;
				SDKROOT = iphoneos;
				SWIFT_ACTIVE_COMPILATION_CONDITIONS = DEBUG;
				SWIFT_OPTIMIZATION_LEVEL = "-Onone";
			};
			name = Debug;
		};
		8202DBBB214965250055F1E7 /* Release */ = {
			isa = XCBuildConfiguration;
			buildSettings = {
				ALWAYS_SEARCH_USER_PATHS = NO;
				CLANG_ANALYZER_NONNULL = YES;
				CLANG_ANALYZER_NUMBER_OBJECT_CONVERSION = YES_AGGRESSIVE;
				CLANG_CXX_LANGUAGE_STANDARD = "gnu++14";
				CLANG_CXX_LIBRARY = "libc++";
				CLANG_ENABLE_MODULES = YES;
				CLANG_ENABLE_OBJC_ARC = YES;
				CLANG_ENABLE_OBJC_WEAK = YES;
				CLANG_WARN_BLOCK_CAPTURE_AUTORELEASING = YES;
				CLANG_WARN_BOOL_CONVERSION = YES;
				CLANG_WARN_COMMA = YES;
				CLANG_WARN_CONSTANT_CONVERSION = YES;
				CLANG_WARN_DEPRECATED_OBJC_IMPLEMENTATIONS = YES;
				CLANG_WARN_DIRECT_OBJC_ISA_USAGE = YES_ERROR;
				CLANG_WARN_DOCUMENTATION_COMMENTS = YES;
				CLANG_WARN_EMPTY_BODY = YES;
				CLANG_WARN_ENUM_CONVERSION = YES;
				CLANG_WARN_INFINITE_RECURSION = YES;
				CLANG_WARN_INT_CONVERSION = YES;
				CLANG_WARN_NON_LITERAL_NULL_CONVERSION = YES;
				CLANG_WARN_OBJC_IMPLICIT_RETAIN_SELF = YES;
				CLANG_WARN_OBJC_LITERAL_CONVERSION = YES;
				CLANG_WARN_OBJC_ROOT_CLASS = YES_ERROR;
				CLANG_WARN_RANGE_LOOP_ANALYSIS = YES;
				CLANG_WARN_STRICT_PROTOTYPES = YES;
				CLANG_WARN_SUSPICIOUS_MOVE = YES;
				CLANG_WARN_UNGUARDED_AVAILABILITY = YES_AGGRESSIVE;
				CLANG_WARN_UNREACHABLE_CODE = YES;
				CLANG_WARN__DUPLICATE_METHOD_MATCH = YES;
				CODE_SIGN_IDENTITY = "iPhone Developer";
				COPY_PHASE_STRIP = NO;
				DEBUG_INFORMATION_FORMAT = "dwarf-with-dsym";
				ENABLE_NS_ASSERTIONS = NO;
				ENABLE_STRICT_OBJC_MSGSEND = YES;
				GCC_C_LANGUAGE_STANDARD = gnu11;
				GCC_NO_COMMON_BLOCKS = YES;
				GCC_WARN_64_TO_32_BIT_CONVERSION = YES;
				GCC_WARN_ABOUT_RETURN_TYPE = YES_ERROR;
				GCC_WARN_UNDECLARED_SELECTOR = YES;
				GCC_WARN_UNINITIALIZED_AUTOS = YES_AGGRESSIVE;
				GCC_WARN_UNUSED_FUNCTION = YES;
				GCC_WARN_UNUSED_VARIABLE = YES;
				IPHONEOS_DEPLOYMENT_TARGET = 11.4;
				MTL_ENABLE_DEBUG_INFO = NO;
				SDKROOT = iphoneos;
				SWIFT_COMPILATION_MODE = wholemodule;
				SWIFT_OPTIMIZATION_LEVEL = "-O";
				VALIDATE_PRODUCT = YES;
			};
			name = Release;
		};
		8202DBBD214965250055F1E7 /* Debug */ = {
			isa = XCBuildConfiguration;
			buildSettings = {
				ASSETCATALOG_COMPILER_APPICON_NAME = AppIcon;
				CODE_SIGN_STYLE = Automatic;
				INFOPLIST_FILE = "$(SRCROOT)/PhotoPicker-with-Joseph/Supporting files/Info.plist";
				LD_RUNPATH_SEARCH_PATHS = (
					"$(inherited)",
					"@executable_path/Frameworks",
				);
				PRODUCT_BUNDLE_IDENTIFIER = "com.LambdaSchool.PhotoPicker-with-Joseph";
				PRODUCT_NAME = "$(TARGET_NAME)";
				SWIFT_VERSION = 4.0;
				TARGETED_DEVICE_FAMILY = "1,2";
			};
			name = Debug;
		};
		8202DBBE214965250055F1E7 /* Release */ = {
			isa = XCBuildConfiguration;
			buildSettings = {
				ASSETCATALOG_COMPILER_APPICON_NAME = AppIcon;
				CODE_SIGN_STYLE = Automatic;
				INFOPLIST_FILE = "$(SRCROOT)/PhotoPicker-with-Joseph/Supporting files/Info.plist";
				LD_RUNPATH_SEARCH_PATHS = (
					"$(inherited)",
					"@executable_path/Frameworks",
				);
				PRODUCT_BUNDLE_IDENTIFIER = "com.LambdaSchool.PhotoPicker-with-Joseph";
				PRODUCT_NAME = "$(TARGET_NAME)";
				SWIFT_VERSION = 4.0;
				TARGETED_DEVICE_FAMILY = "1,2";
			};
			name = Release;
		};
/* End XCBuildConfiguration section */

/* Begin XCConfigurationList section */
		8202DBA5214965220055F1E7 /* Build configuration list for PBXProject "PhotoPicker-with-Joseph" */ = {
			isa = XCConfigurationList;
			buildConfigurations = (
				8202DBBA214965250055F1E7 /* Debug */,
				8202DBBB214965250055F1E7 /* Release */,
			);
			defaultConfigurationIsVisible = 0;
			defaultConfigurationName = Release;
		};
		8202DBBC214965250055F1E7 /* Build configuration list for PBXNativeTarget "PhotoPicker-with-Joseph" */ = {
			isa = XCConfigurationList;
			buildConfigurations = (
				8202DBBD214965250055F1E7 /* Debug */,
				8202DBBE214965250055F1E7 /* Release */,
			);
			defaultConfigurationIsVisible = 0;
			defaultConfigurationName = Release;
		};
/* End XCConfigurationList section */
	};
	rootObject = 8202DBA2214965220055F1E7 /* Project object */;
}
